{
    "_readme": [
        "This file locks the dependencies of your project to a known state",
        "Read more about it at https://getcomposer.org/doc/01-basic-usage.md#installing-dependencies",
        "This file is @generated automatically"
    ],
    "content-hash": "c82d44d0c8d193d3b4aeeaceaf771019",
    "packages": [
        {
            "name": "teamtnt/tntsearch",
            "version": "v2.2.0",
            "source": {
                "type": "git",
                "url": "https://github.com/teamtnt/tntsearch.git",
                "reference": "a24399e04b6d7f152d3b31ea4a59efc6385cfd06"
            },
            "dist": {
                "type": "zip",
                "url": "https://api.github.com/repos/teamtnt/tntsearch/zipball/a24399e04b6d7f152d3b31ea4a59efc6385cfd06",
                "reference": "a24399e04b6d7f152d3b31ea4a59efc6385cfd06",
                "shasum": ""
            },
            "require": {
                "ext-mbstring": "*",
                "ext-pdo_sqlite": "*",
                "ext-sqlite3": "*",
                "php": "~7.1"
            },
            "require-dev": {
                "phpunit/phpunit": "7.*"
            },
            "type": "library",
            "autoload": {
                "psr-4": {
                    "TeamTNT\\TNTSearch\\": "src"
                },
                "files": [
                    "helper/helpers.php"
                ]
            },
            "notification-url": "https://packagist.org/downloads/",
            "license": [
                "MIT"
            ],
            "authors": [
                {
                    "name": "Nenad Tičarić",
                    "email": "nticaric@gmail.com",
                    "homepage": "http://www.tntstudio.us",
                    "role": "Developer"
                }
            ],
            "description": "A fully featured full text search engine written in PHP",
            "homepage": "https://github.com/teamtnt/tntsearch",
            "keywords": [
                "Fuzzy search",
                "fulltext",
                "geosearch",
                "search",
                "teamtnt",
                "tntsearch"
            ],
            "time": "2019-10-07T10:02:35+00:00"
        }
    ],
    "packages-dev": [],
    "aliases": [],
    "minimum-stability": "stable",
    "stability-flags": [],
    "prefer-stable": false,
    "prefer-lowest": false,
    "platform": [],
    "platform-dev": []
}
